
Microsoft Visual Studio Solution File, Format Version 12.00
# Visual Studio Version 17
VisualStudioVersion = 17.13.35825.156 d17.13
MinimumVisualStudioVersion = 10.0.40219.1
Project("{FAE04EC0-301F-11D3-BF4B-00C04F79EFBC}") = "WPF1", "WPF1\WPF1.csproj", "{883D8C60-23D8-4DFB-9133-37E9B7F8E045}"
EndProject
Global
	GlobalSection(SolutionConfigurationPlatforms) = preSolution
		Debug|Any CPU = Debug|Any CPU
		Release|Any CPU = Release|Any CPU
	EndGlobalSection
	GlobalSection(ProjectConfigurationPlatforms) = postSolution
		{883D8C60-23D8-4DFB-9133-37E9B7F8E045}.Debug|Any CPU.ActiveCfg = Debug|Any CPU
		{883D8C60-23D8-4DFB-9133-37E9B7F8E045}.Debug|Any CPU.Build.0 = Debug|Any CPU
		{883D8C60-23D8-4DFB-9133-37E9B7F8E045}.Release|Any CPU.ActiveCfg = Release|Any CPU
		{883D8C60-23D8-4DFB-9133-37E9B7F8E045}.Release|Any CPU.Build.0 = Release|Any CPU
	EndGlobalSection
	GlobalSection(SolutionProperties) = preSolution
		HideSolutionNode = FALSE
	EndGlobalSection
	GlobalSection(ExtensibilityGlobals) = postSolution
		SolutionGuid = {6C8638D2-3964-453D-A6B8-D93AEDB8E14E}
	EndGlobalSection
EndGlobal
